// !$*UTF8*$!
{
	archiveVersion = 1;
	classes = {
	};
	objectVersion = 55;
	objects = {

/* Begin PBXBuildFile section */
		8E335D35282781E70010AC81 /* AppDelegate.swift in Sources */ = {isa = PBXBuildFile; fileRef = 8E335D34282781E70010AC81 /* AppDelegate.swift */; };
		8E335D37282781E70010AC81 /* SceneDelegate.swift in Sources */ = {isa = PBXBuildFile; fileRef = 8E335D36282781E70010AC81 /* SceneDelegate.swift */; };
		8E335D39282781E70010AC81 /* FeedsController.swift in Sources */ = {isa = PBXBuildFile; fileRef = 8E335D38282781E70010AC81 /* FeedsController.swift */; };
		8E335D3C282781E70010AC81 /* Main.storyboard in Resources */ = {isa = PBXBuildFile; fileRef = 8E335D3A282781E70010AC81 /* Main.storyboard */; };
		8E335D3E282781EB0010AC81 /* Assets.xcassets in Resources */ = {isa = PBXBuildFile; fileRef = 8E335D3D282781EB0010AC81 /* Assets.xcassets */; };
		8E335D41282781EB0010AC81 /* LaunchScreen.storyboard in Resources */ = {isa = PBXBuildFile; fileRef = 8E335D3F282781EB0010AC81 /* LaunchScreen.storyboard */; };
		8E335D49282785300010AC81 /* FeedsTableViewCell.xib in Resources */ = {isa = PBXBuildFile; fileRef = 8E335D48282785300010AC81 /* FeedsTableViewCell.xib */; };
		8E335D4B2827868E0010AC81 /* Smodel.swift in Sources */ = {isa = PBXBuildFile; fileRef = 8E335D4A2827868E0010AC81 /* Smodel.swift */; };
		8E335D4F28278AAD0010AC81 /* FeedsTableViewCell.swift in Sources */ = {isa = PBXBuildFile; fileRef = 8E335D4E28278AAD0010AC81 /* FeedsTableViewCell.swift */; };
		8E335D5128279EE70010AC81 /* ActivityIndicator.swift in Sources */ = {isa = PBXBuildFile; fileRef = 8E335D5028279EE70010AC81 /* ActivityIndicator.swift */; };
		8E335D532827A18C0010AC81 /* redSpinner.gif in Resources */ = {isa = PBXBuildFile; fileRef = 8E335D522827A18C0010AC81 /* redSpinner.gif */; };
		EED90BF12DB6A983C62BBE76 /* Pods_SEffect.framework in Frameworks */ = {isa = PBXBuildFile; fileRef = B48F9B831B618AAAB4A58DB0 /* Pods_SEffect.framework */; };
/* End PBXBuildFile section */

/* Begin PBXFileReference section */
		6BCC0165D11D6B7A11C9E95A /* Pods-SEffect.debug.xcconfig */ = {isa = PBXFileReference; includeInIndex = 1; lastKnownFileType = text.xcconfig; name = "Pods-SEffect.debug.xcconfig"; path = "Target Support Files/Pods-SEffect/Pods-SEffect.debug.xcconfig"; sourceTree = "<group>"; };
		7B0EAFC6B8DE1D03CF1CD96B /* Pods-SEffect.release.xcconfig */ = {isa = PBXFileReference; includeInIndex = 1; lastKnownFileType = text.xcconfig; name = "Pods-SEffect.release.xcconfig"; path = "Target Support Files/Pods-SEffect/Pods-SEffect.release.xcconfig"; sourceTree = "<group>"; };
		8E335D31282781E70010AC81 /* SEffect.app */ = {isa = PBXFileReference; explicitFileType = wrapper.application; includeInIndex = 0; path = SEffect.app; sourceTree = BUILT_PRODUCTS_DIR; };
		8E335D34282781E70010AC81 /* AppDelegate.swift */ = {isa = PBXFileReference; lastKnownFileType = sourcecode.swift; path = AppDelegate.swift; sourceTree = "<group>"; };
		8E335D36282781E70010AC81 /* SceneDelegate.swift */ = {isa = PBXFileReference; lastKnownFileType = sourcecode.swift; path = SceneDelegate.swift; sourceTree = "<group>"; };
		8E335D38282781E70010AC81 /* FeedsController.swift */ = {isa = PBXFileReference; lastKnownFileType = sourcecode.swift; path = FeedsController.swift; sourceTree = "<group>"; };
		8E335D3B282781E70010AC81 /* Base */ = {isa = PBXFileReference; lastKnownFileType = file.storyboard; name = Base; path = Base.lproj/Main.storyboard; sourceTree = "<group>"; };
		8E335D3D282781EB0010AC81 /* Assets.xcassets */ = {isa = PBXFileReference; lastKnownFileType = folder.assetcatalog; path = Assets.xcassets; sourceTree = "<group>"; };
		8E335D40282781EB0010AC81 /* Base */ = {isa = PBXFileReference; lastKnownFileType = file.storyboard; name = Base; path = Base.lproj/LaunchScreen.storyboard; sourceTree = "<group>"; };
		8E335D42282781EB0010AC81 /* Info.plist */ = {isa = PBXFileReference; lastKnownFileType = text.plist.xml; path = Info.plist; sourceTree = "<group>"; };
		8E335D48282785300010AC81 /* FeedsTableViewCell.xib */ = {isa = PBXFileReference; lastKnownFileType = file.xib; path = FeedsTableViewCell.xib; sourceTree = "<group>"; };
		8E335D4A2827868E0010AC81 /* Smodel.swift */ = {isa = PBXFileReference; lastKnownFileType = sourcecode.swift; path = Smodel.swift; sourceTree = "<group>"; };
		8E335D4E28278AAD0010AC81 /* FeedsTableViewCell.swift */ = {isa = PBXFileReference; lastKnownFileType = sourcecode.swift; path = FeedsTableViewCell.swift; sourceTree = "<group>"; };
		8E335D5028279EE70010AC81 /* ActivityIndicator.swift */ = {isa = PBXFileReference; lastKnownFileType = sourcecode.swift; path = ActivityIndicator.swift; sourceTree = "<group>"; };
		8E335D522827A18C0010AC81 /* redSpinner.gif */ = {isa = PBXFileReference; lastKnownFileType = image.gif; path = redSpinner.gif; sourceTree = "<group>"; };
		B48F9B831B618AAAB4A58DB0 /* Pods_SEffect.framework */ = {isa = PBXFileReference; explicitFileType = wrapper.framework; includeInIndex = 0; path = Pods_SEffect.framework; sourceTree = BUILT_PRODUCTS_DIR; };
/* End PBXFileReference section */

/* Begin PBXFrameworksBuildPhase section */
		8E335D2E282781E70010AC81 /* Frameworks */ = {
			isa = PBXFrameworksBuildPhase;
			buildActionMask = 2147483647;
			files = (
				EED90BF12DB6A983C62BBE76 /* Pods_SEffect.framework in Frameworks */,
			);
			runOnlyForDeploymentPostprocessing = 0;
		};
/* End PBXFrameworksBuildPhase section */

/* Begin PBXGroup section */
		8E335D28282781E70010AC81 = {
			isa = PBXGroup;
			children = (
				8E335D33282781E70010AC81 /* SEffect */,
				8E335D32282781E70010AC81 /* Products */,
				C87A18E894169B814AE30CD9 /* Pods */,
				A391B81DBF1E17E1BD195D9B /* Frameworks */,
			);
			sourceTree = "<group>";
		};
		8E335D32282781E70010AC81 /* Products */ = {
			isa = PBXGroup;
			children = (
				8E335D31282781E70010AC81 /* SEffect.app */,
			);
			name = Products;
			sourceTree = "<group>";
		};
		8E335D33282781E70010AC81 /* SEffect */ = {
			isa = PBXGroup;
			children = (
				8E335D34282781E70010AC81 /* AppDelegate.swift */,
				8E335D36282781E70010AC81 /* SceneDelegate.swift */,
				8E335D38282781E70010AC81 /* FeedsController.swift */,
				8E335D4E28278AAD0010AC81 /* FeedsTableViewCell.swift */,
				8E335D522827A18C0010AC81 /* redSpinner.gif */,
				8E335D4A2827868E0010AC81 /* Smodel.swift */,
				8E335D48282785300010AC81 /* FeedsTableViewCell.xib */,
				8E335D3A282781E70010AC81 /* Main.storyboard */,
				8E335D3D282781EB0010AC81 /* Assets.xcassets */,
				8E335D3F282781EB0010AC81 /* LaunchScreen.storyboard */,
				8E335D42282781EB0010AC81 /* Info.plist */,
				8E335D5028279EE70010AC81 /* ActivityIndicator.swift */,
			);
			path = SEffect;
			sourceTree = "<group>";
		};
		A391B81DBF1E17E1BD195D9B /* Frameworks */ = {
			isa = PBXGroup;
			children = (
				B48F9B831B618AAAB4A58DB0 /* Pods_SEffect.framework */,
			);
			name = Frameworks;
			sourceTree = "<group>";
		};
		C87A18E894169B814AE30CD9 /* Pods */ = {
			isa = PBXGroup;
			children = (
				6BCC0165D11D6B7A11C9E95A /* Pods-SEffect.debug.xcconfig */,
				7B0EAFC6B8DE1D03CF1CD96B /* Pods-SEffect.release.xcconfig */,
			);
			name = Pods;
			path = Pods;
			sourceTree = "<group>";
		};
/* End PBXGroup section */

/* Begin PBXNativeTarget section */
		8E335D30282781E70010AC81 /* SEffect */ = {
			isa = PBXNativeTarget;
			buildConfigurationList = 8E335D45282781EB0010AC81 /* Build configuration list for PBXNativeTarget "SEffect" */;
			buildPhases = (
				860CCE8663C34350EE9F3CFC /* [CP] Check Pods Manifest.lock */,
				8E335D2D282781E70010AC81 /* Sources */,
				8E335D2E282781E70010AC81 /* Frameworks */,
				8E335D2F282781E70010AC81 /* Resources */,
				92368E56819662D68555EB4B /* [CP] Embed Pods Frameworks */,
			);
			buildRules = (
			);
			dependencies = (
			);
			name = SEffect;
			productName = SEffect;
			productReference = 8E335D31282781E70010AC81 /* SEffect.app */;
			productType = "com.apple.product-type.application";
		};
/* End PBXNativeTarget section */

/* Begin PBXProject section */
		8E335D29282781E70010AC81 /* Project object */ = {
			isa = PBXProject;
			attributes = {
				BuildIndependentTargetsInParallel = 1;
				LastSwiftUpdateCheck = 1330;
				LastUpgradeCheck = 1330;
				TargetAttributes = {
					8E335D30282781E70010AC81 = {
						CreatedOnToolsVersion = 13.3;
					};
				};
			};
			buildConfigurationList = 8E335D2C282781E70010AC81 /* Build configuration list for PBXProject "SEffect" */;
			compatibilityVersion = "Xcode 13.0";
			developmentRegion = en;
			hasScannedForEncodings = 0;
			knownRegions = (
				en,
				Base,
			);
			mainGroup = 8E335D28282781E70010AC81;
			productRefGroup = 8E335D32282781E70010AC81 /* Products */;
			projectDirPath = "";
			projectRoot = "";
			targets = (
				8E335D30282781E70010AC81 /* SEffect */,
			);
		};
/* End PBXProject section */

/* Begin PBXResourcesBuildPhase section */
		8E335D2F282781E70010AC81 /* Resources */ = {
			isa = PBXResourcesBuildPhase;
			buildActionMask = 2147483647;
			files = (
				8E335D49282785300010AC81 /* FeedsTableViewCell.xib in Resources */,
				8E335D41282781EB0010AC81 /* LaunchScreen.storyboard in Resources */,
				8E335D532827A18C0010AC81 /* redSpinner.gif in Resources */,
				8E335D3E282781EB0010AC81 /* Assets.xcassets in Resources */,
				8E335D3C282781E70010AC81 /* Main.storyboard in Resources */,
			);
			runOnlyForDeploymentPostprocessing = 0;
		};
/* End PBXResourcesBuildPhase section */

/* Begin PBXShellScriptBuildPhase section */
		860CCE8663C34350EE9F3CFC /* [CP] Check Pods Manifest.lock */ = {
			isa = PBXShellScriptBuildPhase;
			buildActionMask = 2147483647;
			files = (
			);
			inputFileListPaths = (
			);
			inputPaths = (
				"${PODS_PODFILE_DIR_PATH}/Podfile.lock",
				"${PODS_ROOT}/Manifest.lock",
			);
			name = "[CP] Check Pods Manifest.lock";
			outputFileListPaths = (
			);
			outputPaths = (
				"$(DERIVED_FILE_DIR)/Pods-SEffect-checkManifestLockResult.txt",
			);
			runOnlyForDeploymentPostprocessing = 0;
			shellPath = /bin/sh;
			shellScript = "diff \"${PODS_PODFILE_DIR_PATH}/Podfile.lock\" \"${PODS_ROOT}/Manifest.lock\" > /dev/null\nif [ $? != 0 ] ; then\n    # print error to STDERR\n    echo \"error: The sandbox is not in sync with the Podfile.lock. Run 'pod install' or update your CocoaPods installation.\" >&2\n    exit 1\nfi\n# This output is used by Xcode 'outputs' to avoid re-running this script phase.\necho \"SUCCESS\" > \"${SCRIPT_OUTPUT_FILE_0}\"\n";
			showEnvVarsInLog = 0;
		};
		92368E56819662D68555EB4B /* [CP] Embed Pods Frameworks */ = {
			isa = PBXShellScriptBuildPhase;
			buildActionMask = 2147483647;
			files = (
			);
			inputFileListPaths = (
				"${PODS_ROOT}/Target Support Files/Pods-SEffect/Pods-SEffect-frameworks-${CONFIGURATION}-input-files.xcfilelist",
			);
			name = "[CP] Embed Pods Frameworks";
			outputFileListPaths = (
				"${PODS_ROOT}/Target Support Files/Pods-SEffect/Pods-SEffect-frameworks-${CONFIGURATION}-output-files.xcfilelist",
			);
			runOnlyForDeploymentPostprocessing = 0;
			shellPath = /bin/sh;
			shellScript = "\"${PODS_ROOT}/Target Support Files/Pods-SEffect/Pods-SEffect-frameworks.sh\"\n";
			showEnvVarsInLog = 0;
		};
/* End PBXShellScriptBuildPhase section */

/* Begin PBXSourcesBuildPhase section */
		8E335D2D282781E70010AC81 /* Sources */ = {
			isa = PBXSourcesBuildPhase;
			buildActionMask = 2147483647;
			files = (
				8E335D4F28278AAD0010AC81 /* FeedsTableViewCell.swift in Sources */,
				8E335D39282781E70010AC81 /* FeedsController.swift in Sources */,
				8E335D35282781E70010AC81 /* AppDelegate.swift in Sources */,
				8E335D37282781E70010AC81 /* SceneDelegate.swift in Sources */,
				8E335D5128279EE70010AC81 /* ActivityIndicator.swift in Sources */,
				8E335D4B2827868E0010AC81 /* Smodel.swift in Sources */,
			);
			runOnlyForDeploymentPostprocessing = 0;
		};
/* End PBXSourcesBuildPhase section */

/* Begin PBXVariantGroup section */
		8E335D3A282781E70010AC81 /* Main.storyboard */ = {
			isa = PBXVariantGroup;
			children = (
				8E335D3B282781E70010AC81 /* Base */,
			);
			name = Main.storyboard;
			sourceTree = "<group>";
		};
		8E335D3F282781EB0010AC81 /* LaunchScreen.storyboard */ = {
			isa = PBXVariantGroup;
			children = (
				8E335D40282781EB0010AC81 /* Base */,
			);
			name = LaunchScreen.storyboard;
			sourceTree = "<group>";
		};
/* End PBXVariantGroup section */

/* Begin XCBuildConfiguration section */
		8E335D43282781EB0010AC81 /* Debug */ = {
			isa = XCBuildConfiguration;
			buildSettings = {
				ALWAYS_SEARCH_USER_PATHS = NO;
				CLANG_ANALYZER_NONNULL = YES;
				CLANG_ANALYZER_NUMBER_OBJECT_CONVERSION = YES_AGGRESSIVE;
				CLANG_CXX_LANGUAGE_STANDARD = "gnu++17";
				CLANG_ENABLE_MODULES = YES;
				CLANG_ENABLE_OBJC_ARC = YES;
				CLANG_ENABLE_OBJC_WEAK = YES;
				CLANG_WARN_BLOCK_CAPTURE_AUTORELEASING = YES;
				CLANG_WARN_BOOL_CONVERSION = YES;
				CLANG_WARN_COMMA = YES;
				CLANG_WARN_CONSTANT_CONVERSION = YES;
				CLANG_WARN_DEPRECATED_OBJC_IMPLEMENTATIONS = YES;
				CLANG_WARN_DIRECT_OBJC_ISA_USAGE = YES_ERROR;
				CLANG_WARN_DOCUMENTATION_COMMENTS = YES;
				CLANG_WARN_EMPTY_BODY = YES;
				CLANG_WARN_ENUM_CONVERSION = YES;
				CLANG_WARN_INFINITE_RECURSION = YES;
				CLANG_WARN_INT_CONVERSION = YES;
				CLANG_WARN_NON_LITERAL_NULL_CONVERSION = YES;
				CLANG_WARN_OBJC_IMPLICIT_RETAIN_SELF = YES;
				CLANG_WARN_OBJC_LITERAL_CONVERSION = YES;
				CLANG_WARN_OBJC_ROOT_CLASS = YES_ERROR;
				CLANG_WARN_QUOTED_INCLUDE_IN_FRAMEWORK_HEADER = YES;
				CLANG_WARN_RANGE_LOOP_ANALYSIS = YES;
				CLANG_WARN_STRICT_PROTOTYPES = YES;
				CLANG_WARN_SUSPICIOUS_MOVE = YES;
				CLANG_WARN_UNGUARDED_AVAILABILITY = YES_AGGRESSIVE;
				CLANG_WARN_UNREACHABLE_CODE = YES;
				CLANG_WARN__DUPLICATE_METHOD_MATCH = YES;
				COPY_PHASE_STRIP = NO;
				DEBUG_INFORMATION_FORMAT = dwarf;
				ENABLE_STRICT_OBJC_MSGSEND = YES;
				ENABLE_TESTABILITY = YES;
				GCC_C_LANGUAGE_STANDARD = gnu11;
				GCC_DYNAMIC_NO_PIC = NO;
				GCC_NO_COMMON_BLOCKS = YES;
				GCC_OPTIMIZATION_LEVEL = 0;
				GCC_PREPROCESSOR_DEFINITIONS = (
					"DEBUG=1",
					"$(inherited)",
				);
				GCC_WARN_64_TO_32_BIT_CONVERSION = YES;
				GCC_WARN_ABOUT_RETURN_TYPE = YES_ERROR;
				GCC_WARN_UNDECLARED_SELECTOR = YES;
				GCC_WARN_UNINITIALIZED_AUTOS = YES_AGGRESSIVE;
				GCC_WARN_UNUSED_FUNCTION = YES;
				GCC_WARN_UNUSED_VARIABLE = YES;
				IPHONEOS_DEPLOYMENT_TARGET = 15.4;
				MTL_ENABLE_DEBUG_INFO = INCLUDE_SOURCE;
				MTL_FAST_MATH = YES;
				ONLY_ACTIVE_ARCH = YES;
				SDKROOT = iphoneos;
				SWIFT_ACTIVE_COMPILATION_CONDITIONS = DEBUG;
				SWIFT_OPTIMIZATION_LEVEL = "-Onone";
			};
			name = Debug;
		};
		8E335D44282781EB0010AC81 /* Release */ = {
			isa = XCBuildConfiguration;
			buildSettings = {
				ALWAYS_SEARCH_USER_PATHS = NO;
				CLANG_ANALYZER_NONNULL = YES;
				CLANG_ANALYZER_NUMBER_OBJECT_CONVERSION = YES_AGGRESSIVE;
				CLANG_CXX_LANGUAGE_STANDARD = "gnu++17";
				CLANG_ENABLE_MODULES = YES;
				CLANG_ENABLE_OBJC_ARC = YES;
				CLANG_ENABLE_OBJC_WEAK = YES;
				CLANG_WARN_BLOCK_CAPTURE_AUTORELEASING = YES;
				CLANG_WARN_BOOL_CONVERSION = YES;
				CLANG_WARN_COMMA = YES;
				CLANG_WARN_CONSTANT_CONVERSION = YES;
				CLANG_WARN_DEPRECATED_OBJC_IMPLEMENTATIONS = YES;
				CLANG_WARN_DIRECT_OBJC_ISA_USAGE = YES_ERROR;
				CLANG_WARN_DOCUMENTATION_COMMENTS = YES;
				CLANG_WARN_EMPTY_BODY = YES;
				CLANG_WARN_ENUM_CONVERSION = YES;
				CLANG_WARN_INFINITE_RECURSION = YES;
				CLANG_WARN_INT_CONVERSION = YES;
				CLANG_WARN_NON_LITERAL_NULL_CONVERSION = YES;
				CLANG_WARN_OBJC_IMPLICIT_RETAIN_SELF = YES;
				CLANG_WARN_OBJC_LITERAL_CONVERSION = YES;
				CLANG_WARN_OBJC_ROOT_CLASS = YES_ERROR;
				CLANG_WARN_QUOTED_INCLUDE_IN_FRAMEWORK_HEADER = YES;
				CLANG_WARN_RANGE_LOOP_ANALYSIS = YES;
				CLANG_WARN_STRICT_PROTOTYPES = YES;
				CLANG_WARN_SUSPICIOUS_MOVE = YES;
				CLANG_WARN_UNGUARDED_AVAILABILITY = YES_AGGRESSIVE;
				CLANG_WARN_UNREACHABLE_CODE = YES;
				CLANG_WARN__DUPLICATE_METHOD_MATCH = YES;
				COPY_PHASE_STRIP = NO;
				DEBUG_INFORMATION_FORMAT = "dwarf-with-dsym";
				ENABLE_NS_ASSERTIONS = NO;
				ENABLE_STRICT_OBJC_MSGSEND = YES;
				GCC_C_LANGUAGE_STANDARD = gnu11;
				GCC_NO_COMMON_BLOCKS = YES;
				GCC_WARN_64_TO_32_BIT_CONVERSION = YES;
				GCC_WARN_ABOUT_RETURN_TYPE = YES_ERROR;
				GCC_WARN_UNDECLARED_SELECTOR = YES;
				GCC_WARN_UNINITIALIZED_AUTOS = YES_AGGRESSIVE;
				GCC_WARN_UNUSED_FUNCTION = YES;
				GCC_WARN_UNUSED_VARIABLE = YES;
				IPHONEOS_DEPLOYMENT_TARGET = 15.4;
				MTL_ENABLE_DEBUG_INFO = NO;
				MTL_FAST_MATH = YES;
				SDKROOT = iphoneos;
				SWIFT_COMPILATION_MODE = wholemodule;
				SWIFT_OPTIMIZATION_LEVEL = "-O";
				VALIDATE_PRODUCT = YES;
			};
			name = Release;
		};
		8E335D46282781EB0010AC81 /* Debug */ = {
			isa = XCBuildConfiguration;
			baseConfigurationReference = 6BCC0165D11D6B7A11C9E95A /* Pods-SEffect.debug.xcconfig */;
			buildSettings = {
				ASSETCATALOG_COMPILER_APPICON_NAME = AppIcon;
				ASSETCATALOG_COMPILER_GLOBAL_ACCENT_COLOR_NAME = AccentColor;
				CODE_SIGN_STYLE = Automatic;
				CURRENT_PROJECT_VERSION = 1;
				GENERATE_INFOPLIST_FILE = YES;
				INFOPLIST_FILE = SEffect/Info.plist;
				INFOPLIST_KEY_UIApplicationSupportsIndirectInputEvents = YES;
				INFOPLIST_KEY_UILaunchStoryboardName = LaunchScreen;
				INFOPLIST_KEY_UIMainStoryboardFile = Main;
				INFOPLIST_KEY_UISupportedInterfaceOrientations_iPad = "UIInterfaceOrientationPortrait UIInterfaceOrientationPortraitUpsideDown UIInterfaceOrientationLandscapeLeft UIInterfaceOrientationLandscapeRight";
				INFOPLIST_KEY_UISupportedInterfaceOrientations_iPhone = "UIInterfaceOrientationPortrait UIInterfaceOrientationLandscapeLeft UIInterfaceOrientationLandscapeRight";
				LD_RUNPATH_SEARCH_PATHS = (
					"$(inherited)",
					"@executable_path/Frameworks",
				);
				MARKETING_VERSION = 1.0;
				PRODUCT_BUNDLE_IDENTIFIER = com.StrechCapitals.SEffect;
				PRODUCT_NAME = "$(TARGET_NAME)";
				SWIFT_EMIT_LOC_STRINGS = YES;
				SWIFT_VERSION = 5.0;
				TARGETED_DEVICE_FAMILY = "1,2";
			};
			name = Debug;
		};
		8E335D47282781EB0010AC81 /* Release */ = {
			isa = XCBuildConfiguration;
			baseConfigurationReference = 7B0EAFC6B8DE1D03CF1CD96B /* Pods-SEffect.release.xcconfig */;
			buildSettings = {
				ASSETCATALOG_COMPILER_APPICON_NAME = AppIcon;
				ASSETCATALOG_COMPILER_GLOBAL_ACCENT_COLOR_NAME = AccentColor;
				CODE_SIGN_STYLE = Automatic;
				CURRENT_PROJECT_VERSION = 1;
				GENERATE_INFOPLIST_FILE = YES;
				INFOPLIST_FILE = SEffect/Info.plist;
				INFOPLIST_KEY_UIApplicationSupportsIndirectInputEvents = YES;
				INFOPLIST_KEY_UILaunchStoryboardName = LaunchScreen;
				INFOPLIST_KEY_UIMainStoryboardFile = Main;
				INFOPLIST_KEY_UISupportedInterfaceOrientations_iPad = "UIInterfaceOrientationPortrait UIInterfaceOrientationPortraitUpsideDown UIInterfaceOrientationLandscapeLeft UIInterfaceOrientationLandscapeRight";
				INFOPLIST_KEY_UISupportedInterfaceOrientations_iPhone = "UIInterfaceOrientationPortrait UIInterfaceOrientationLandscapeLeft UIInterfaceOrientationLandscapeRight";
				LD_RUNPATH_SEARCH_PATHS = (
					"$(inherited)",
					"@executable_path/Frameworks",
				);
				MARKETING_VERSION = 1.0;
				PRODUCT_BUNDLE_IDENTIFIER = com.StrechCapitals.SEffect;
				PRODUCT_NAME = "$(TARGET_NAME)";
				SWIFT_EMIT_LOC_STRINGS = YES;
				SWIFT_VERSION = 5.0;
				TARGETED_DEVICE_FAMILY = "1,2";
			};
			name = Release;
		};
/* End XCBuildConfiguration section */

/* Begin XCConfigurationList section */
		8E335D2C282781E70010AC81 /* Build configuration list for PBXProject "SEffect" */ = {
			isa = XCConfigurationList;
			buildConfigurations = (
				8E335D43282781EB0010AC81 /* Debug */,
				8E335D44282781EB0010AC81 /* Release */,
			);
			defaultConfigurationIsVisible = 0;
			defaultConfigurationName = Release;
		};
		8E335D45282781EB0010AC81 /* Build configuration list for PBXNativeTarget "SEffect" */ = {
			isa = XCConfigurationList;
			buildConfigurations = (
				8E335D46282781EB0010AC81 /* Debug */,
				8E335D47282781EB0010AC81 /* Release */,
			);
			defaultConfigurationIsVisible = 0;
			defaultConfigurationName = Release;
		};
/* End XCConfigurationList section */
	};
	rootObject = 8E335D29282781E70010AC81 /* Project object */;
}
